
Microsoft Visual Studio Solution File, Format Version 12.00
# Visual Studio Version 17
VisualStudioVersion = 17.0.31903.59
MinimumVisualStudioVersion = 10.0.40219.1
Project("{FAE04EC0-301F-11D3-BF4B-00C04F79EFBC}") = "TestApi.Domain", "TestApi.Domain\TestApi.Domain.csproj", "{768BCD1F-BDD1-4E4A-9621-4D7E33118B9E}"
EndProject
Project("{FAE04EC0-301F-11D3-BF4B-00C04F79EFBC}") = "TestApi.Application", "TestApi.Application\TestApi.Application.csproj", "{A832A870-00E5-4914-88C3-D50BA54A8201}"
EndProject
Project("{FAE04EC0-301F-11D3-BF4B-00C04F79EFBC}") = "TestApi.Infrastructure", "TestApi.Infrastructure\TestApi.Infrastructure.csproj", "{EA66972D-9FE5-40F9-8A25-63B392B5A0C4}"
EndProject
Project("{FAE04EC0-301F-11D3-BF4B-00C04F79EFBC}") = "TestApi.WebApi", "TestApi.WebApi\TestApi.WebApi.csproj", "{763399D1-0DA3-4FCC-8A17-6EE7C14C08EC}"
EndProject
Global
	GlobalSection(SolutionConfigurationPlatforms) = preSolution
		Debug|Any CPU = Debug|Any CPU
		Release|Any CPU = Release|Any CPU
	EndGlobalSection
	GlobalSection(SolutionProperties) = preSolution
		HideSolutionNode = FALSE
	EndGlobalSection
	GlobalSection(ProjectConfigurationPlatforms) = postSolution
		{768BCD1F-BDD1-4E4A-9621-4D7E33118B9E}.Debug|Any CPU.ActiveCfg = Debug|Any CPU
		{768BCD1F-BDD1-4E4A-9621-4D7E33118B9E}.Debug|Any CPU.Build.0 = Debug|Any CPU
		{768BCD1F-BDD1-4E4A-9621-4D7E33118B9E}.Release|Any CPU.ActiveCfg = Release|Any CPU
		{768BCD1F-BDD1-4E4A-9621-4D7E33118B9E}.Release|Any CPU.Build.0 = Release|Any CPU
		{A832A870-00E5-4914-88C3-D50BA54A8201}.Debug|Any CPU.ActiveCfg = Debug|Any CPU
		{A832A870-00E5-4914-88C3-D50BA54A8201}.Debug|Any CPU.Build.0 = Debug|Any CPU
		{A832A870-00E5-4914-88C3-D50BA54A8201}.Release|Any CPU.ActiveCfg = Release|Any CPU
		{A832A870-00E5-4914-88C3-D50BA54A8201}.Release|Any CPU.Build.0 = Release|Any CPU
		{EA66972D-9FE5-40F9-8A25-63B392B5A0C4}.Debug|Any CPU.ActiveCfg = Debug|Any CPU
		{EA66972D-9FE5-40F9-8A25-63B392B5A0C4}.Debug|Any CPU.Build.0 = Debug|Any CPU
		{EA66972D-9FE5-40F9-8A25-63B392B5A0C4}.Release|Any CPU.ActiveCfg = Release|Any CPU
		{EA66972D-9FE5-40F9-8A25-63B392B5A0C4}.Release|Any CPU.Build.0 = Release|Any CPU
		{763399D1-0DA3-4FCC-8A17-6EE7C14C08EC}.Debug|Any CPU.ActiveCfg = Debug|Any CPU
		{763399D1-0DA3-4FCC-8A17-6EE7C14C08EC}.Debug|Any CPU.Build.0 = Debug|Any CPU
		{763399D1-0DA3-4FCC-8A17-6EE7C14C08EC}.Release|Any CPU.ActiveCfg = Release|Any CPU
		{763399D1-0DA3-4FCC-8A17-6EE7C14C08EC}.Release|Any CPU.Build.0 = Release|Any CPU
	EndGlobalSection
EndGlobal
